
Microsoft Visual Studio Solution File, Format Version 12.00
# Visual Studio Version 16
VisualStudioVersion = 16.0.31424.327
MinimumVisualStudioVersion = 10.0.40219.1
Project("{9A19103F-16F7-4668-BE54-9A1E7A4F7556}") = "Lab13_2CoffeeShopProductList", "Lab13_2CoffeeShopProductList\Lab13_2CoffeeShopProductList.csproj", "{1983801D-B0EC-4AB9-80DC-5C3C6CE25550}"
EndProject
Project("{2150E333-8FDC-42A3-9474-1A3956D46DE8}") = "Solution Items", "Solution Items", "{04B09CB6-BBB9-4937-B0ED-C9C749CF49C1}"
	ProjectSection(SolutionItems) = preProject
		.gitignore = .gitignore
	EndProjectSection
EndProject
Global
	GlobalSection(SolutionConfigurationPlatforms) = preSolution
		Debug|Any CPU = Debug|Any CPU
		Release|Any CPU = Release|Any CPU
	EndGlobalSection
	GlobalSection(ProjectConfigurationPlatforms) = postSolution
		{1983801D-B0EC-4AB9-80DC-5C3C6CE25550}.Debug|Any CPU.ActiveCfg = Debug|Any CPU
		{1983801D-B0EC-4AB9-80DC-5C3C6CE25550}.Debug|Any CPU.Build.0 = Debug|Any CPU
		{1983801D-B0EC-4AB9-80DC-5C3C6CE25550}.Release|Any CPU.ActiveCfg = Release|Any CPU
		{1983801D-B0EC-4AB9-80DC-5C3C6CE25550}.Release|Any CPU.Build.0 = Release|Any CPU
	EndGlobalSection
	GlobalSection(SolutionProperties) = preSolution
		HideSolutionNode = FALSE
	EndGlobalSection
	GlobalSection(ExtensibilityGlobals) = postSolution
		SolutionGuid = {4EE02CE2-6605-4761-A139-17A52BF3BF8D}
	EndGlobalSection
EndGlobal
